
Microsoft Visual Studio Solution File, Format Version 12.00
# Visual Studio Version 16
VisualStudioVersion = 16.0.30804.86
MinimumVisualStudioVersion = 10.0.40219.1
Project("{8BC9CEB8-8B4A-11D0-8D11-00A0C91BC942}") = "Explorer", "Explorer\Explorer.vcxproj", "{46351A98-499F-4132-8ECA-0F702BB3F7D8}"
EndProject
Global
	GlobalSection(SolutionConfigurationPlatforms) = preSolution
		Debug|x64 = Debug|x64
		Debug|x86 = Debug|x86
		Release|x64 = Release|x64
		Release|x86 = Release|x86
	EndGlobalSection
	GlobalSection(ProjectConfigurationPlatforms) = postSolution
		{46351A98-499F-4132-8ECA-0F702BB3F7D8}.Debug|x64.ActiveCfg = Debug|x64
		{46351A98-499F-4132-8ECA-0F702BB3F7D8}.Debug|x64.Build.0 = Debug|x64
		{46351A98-499F-4132-8ECA-0F702BB3F7D8}.Debug|x86.ActiveCfg = Debug|Win32
		{46351A98-499F-4132-8ECA-0F702BB3F7D8}.Debug|x86.Build.0 = Debug|Win32
		{46351A98-499F-4132-8ECA-0F702BB3F7D8}.Release|x64.ActiveCfg = Release|x64
		{46351A98-499F-4132-8ECA-0F702BB3F7D8}.Release|x64.Build.0 = Release|x64
		{46351A98-499F-4132-8ECA-0F702BB3F7D8}.Release|x86.ActiveCfg = Release|Win32
		{46351A98-499F-4132-8ECA-0F702BB3F7D8}.Release|x86.Build.0 = Release|Win32
	EndGlobalSection
	GlobalSection(SolutionProperties) = preSolution
		HideSolutionNode = FALSE
	EndGlobalSection
	GlobalSection(ExtensibilityGlobals) = postSolution
		SolutionGuid = {F61B3FDC-33F9-4195-8073-54B8DA90815F}
	EndGlobalSection
EndGlobal
